{
  "name": "ruled-block",
  "version": "0.1.1",
  "lockfileVersion": 2,
  "requires": true,
  "packages": {
    "": {
      "version": "0.1.1",
      "license": "MIT",
      "dependencies": {
        "type-security": "^1.0.0"
      }
    },
    "node_modules/type-security": {
      "version": "1.0.0",
      "resolved": "https://registry.npmjs.org/type-security/-/type-security-1.0.0.tgz",
      "integrity": "sha512-vRGv9xMtf5SJ+oidnQQu7OOeXmh6LKn5noiAnNYve+k2CZZN+mQbGMuKgLOIm7ykFHctVT4UwgMKWGrCvF5msw=="
    }
  },
  "dependencies": {
    "type-security": {
      "version": "1.0.0",
      "resolved": "https://registry.npmjs.org/type-security/-/type-security-1.0.0.tgz",
      "integrity": "sha512-vRGv9xMtf5SJ+oidnQQu7OOeXmh6LKn5noiAnNYve+k2CZZN+mQbGMuKgLOIm7ykFHctVT4UwgMKWGrCvF5msw=="
    }
  }
}
